
Microsoft Visual Studio Solution File, Format Version 12.00
# Visual Studio Version 17
VisualStudioVersion = 17.4.33213.308
MinimumVisualStudioVersion = 10.0.40219.1
Project("{FAE04EC0-301F-11D3-BF4B-00C04F79EFBC}") = "Project_Mina_app", "Project_Mina_app.csproj", "{EC2348A1-B6B1-4BCD-892A-D1A49C6EBDAC}"
EndProject
Global
	GlobalSection(SolutionConfigurationPlatforms) = preSolution
		Debug|Any CPU = Debug|Any CPU
		Release|Any CPU = Release|Any CPU
	EndGlobalSection
	GlobalSection(ProjectConfigurationPlatforms) = postSolution
		{EC2348A1-B6B1-4BCD-892A-D1A49C6EBDAC}.Debug|Any CPU.ActiveCfg = Debug|Any CPU
		{EC2348A1-B6B1-4BCD-892A-D1A49C6EBDAC}.Debug|Any CPU.Build.0 = Debug|Any CPU
		{EC2348A1-B6B1-4BCD-892A-D1A49C6EBDAC}.Release|Any CPU.ActiveCfg = Release|Any CPU
		{EC2348A1-B6B1-4BCD-892A-D1A49C6EBDAC}.Release|Any CPU.Build.0 = Release|Any CPU
	EndGlobalSection
	GlobalSection(SolutionProperties) = preSolution
		HideSolutionNode = FALSE
	EndGlobalSection
	GlobalSection(ExtensibilityGlobals) = postSolution
		SolutionGuid = {B9AB0EA4-ECED-4384-8BC4-8AD7FC1338A3}
	EndGlobalSection
EndGlobal
